
Microsoft Visual Studio Solution File, Format Version 12.00
# Visual Studio Version 17
VisualStudioVersion = 17.0.31903.59
MinimumVisualStudioVersion = 10.0.40219.1
Project("{2150E333-8FDC-42A3-9474-1A3956D46DE8}") = "Solution Items", "Solution Items", "{AFA07ADD-2631-4E37-957A-F59C58E32F2B}"
	ProjectSection(SolutionItems) = preProject
		delivery-plan.md = delivery-plan.md
		project-evaluation.md = project-evaluation.md
		README.md = README.md
		software-architecture.md = software-architecture.md
		solution-requirements.md = solution-requirements.md
		user-stories.md = user-stories.md
	EndProjectSection
EndProject
Project("{2150E333-8FDC-42A3-9474-1A3956D46DE8}") = "Core", "Core", "{8EC337C6-0FDB-42EA-B21F-42E4F441EAEB}"
EndProject
Project("{2150E333-8FDC-42A3-9474-1A3956D46DE8}") = "Infrastructure", "Infrastructure", "{9205D96E-1C92-4723-B965-73FA66600F4A}"
EndProject
Project("{2150E333-8FDC-42A3-9474-1A3956D46DE8}") = "Presentation", "Presentation", "{32E41753-0F8E-4243-B290-D48AE670EFB2}"
EndProject
Project("{FAE04EC0-301F-11D3-BF4B-00C04F79EFBC}") = "Domain", "Domain\Domain.csproj", "{3CDC8B02-9D01-4A9B-A407-36A11B93E443}"
EndProject
Project("{FAE04EC0-301F-11D3-BF4B-00C04F79EFBC}") = "APP", "APP\APP.csproj", "{C3882DD1-2EC8-413D-8B26-43105D89293C}"
EndProject
Project("{FAE04EC0-301F-11D3-BF4B-00C04F79EFBC}") = "API", "API\API.csproj", "{8E4D1063-73FD-4CF5-A18A-B51770265A4C}"
EndProject
Project("{2150E333-8FDC-42A3-9474-1A3956D46DE8}") = "Persistence", "Persistence", "{F58822AB-98F9-40C5-810B-708E7E207CCB}"
EndProject
Project("{FAE04EC0-301F-11D3-BF4B-00C04F79EFBC}") = "Context", "Context\Context.csproj", "{42BCE0CD-99F0-4492-9370-060DBFD913F7}"
EndProject
Project("{FAE04EC0-301F-11D3-BF4B-00C04F79EFBC}") = "Data", "Data\Data.csproj", "{9B26082C-62A3-4A37-870A-1CC792C0BC0C}"
EndProject
Project("{FAE04EC0-301F-11D3-BF4B-00C04F79EFBC}") = "Repositories", "Repositories\Repositories.csproj", "{DF250469-CA7B-43CA-B15A-5BBA88E38C01}"
EndProject
Project("{2150E333-8FDC-42A3-9474-1A3956D46DE8}") = "Application", "Application", "{8DE5B33C-ADC7-4FD9-B847-67EAA5F14E75}"
EndProject
Project("{FAE04EC0-301F-11D3-BF4B-00C04F79EFBC}") = "Repository.Interfaces", "Repository.Interfaces\Repository.Interfaces.csproj", "{77441B12-649E-4648-B56E-609A3675C5C5}"
EndProject
Project("{FAE04EC0-301F-11D3-BF4B-00C04F79EFBC}") = "Services", "Services\Services.csproj", "{7E7714B7-B5CE-4D99-8B98-E428F24293BC}"
EndProject
Project("{FAE04EC0-301F-11D3-BF4B-00C04F79EFBC}") = "Services.Interfaces", "Services.Interfaces\Services.Interfaces.csproj", "{C3979709-C7EE-45CD-8119-0D93817F3D0F}"
EndProject
Project("{FAE04EC0-301F-11D3-BF4B-00C04F79EFBC}") = "Common", "Common\Common.csproj", "{9E16E60D-4B9D-48D2-AD08-06640E256EE3}"
EndProject
Project("{FAE04EC0-301F-11D3-BF4B-00C04F79EFBC}") = "Validators", "Validators\Validators.csproj", "{43F3ADF3-71C1-41E1-82FF-04438DB33735}"
EndProject
Project("{FAE04EC0-301F-11D3-BF4B-00C04F79EFBC}") = "Test", "Test\Test.csproj", "{5F046B9A-1298-49DA-B2E9-7F17C006DD83}"
EndProject
Global
	GlobalSection(SolutionProperties) = preSolution
		HideSolutionNode = FALSE
	EndGlobalSection
	GlobalSection(ExtensibilityGlobals) = postSolution
		SolutionGuid = {71075FF6-34FF-4DFB-BBA7-7654CC357608}
	EndGlobalSection
	GlobalSection(ProjectConfigurationPlatforms) = postSolution
		{8E4D1063-73FD-4CF5-A18A-B51770265A4C}.Debug|Any CPU.ActiveCfg = Debug|Any CPU
		{8E4D1063-73FD-4CF5-A18A-B51770265A4C}.Debug|Any CPU.Build.0 = Debug|Any CPU
		{8E4D1063-73FD-4CF5-A18A-B51770265A4C}.Release|Any CPU.ActiveCfg = Release|Any CPU
		{8E4D1063-73FD-4CF5-A18A-B51770265A4C}.Release|Any CPU.Build.0 = Release|Any CPU
		{C3882DD1-2EC8-413D-8B26-43105D89293C}.Debug|Any CPU.ActiveCfg = Debug|Any CPU
		{C3882DD1-2EC8-413D-8B26-43105D89293C}.Debug|Any CPU.Build.0 = Debug|Any CPU
		{C3882DD1-2EC8-413D-8B26-43105D89293C}.Release|Any CPU.ActiveCfg = Release|Any CPU
		{C3882DD1-2EC8-413D-8B26-43105D89293C}.Release|Any CPU.Build.0 = Release|Any CPU
		{42BCE0CD-99F0-4492-9370-060DBFD913F7}.Debug|Any CPU.ActiveCfg = Debug|Any CPU
		{42BCE0CD-99F0-4492-9370-060DBFD913F7}.Debug|Any CPU.Build.0 = Debug|Any CPU
		{42BCE0CD-99F0-4492-9370-060DBFD913F7}.Release|Any CPU.ActiveCfg = Release|Any CPU
		{42BCE0CD-99F0-4492-9370-060DBFD913F7}.Release|Any CPU.Build.0 = Release|Any CPU
		{9B26082C-62A3-4A37-870A-1CC792C0BC0C}.Debug|Any CPU.ActiveCfg = Debug|Any CPU
		{9B26082C-62A3-4A37-870A-1CC792C0BC0C}.Debug|Any CPU.Build.0 = Debug|Any CPU
		{9B26082C-62A3-4A37-870A-1CC792C0BC0C}.Release|Any CPU.ActiveCfg = Release|Any CPU
		{9B26082C-62A3-4A37-870A-1CC792C0BC0C}.Release|Any CPU.Build.0 = Release|Any CPU
		{3CDC8B02-9D01-4A9B-A407-36A11B93E443}.Debug|Any CPU.ActiveCfg = Debug|Any CPU
		{3CDC8B02-9D01-4A9B-A407-36A11B93E443}.Debug|Any CPU.Build.0 = Debug|Any CPU
		{3CDC8B02-9D01-4A9B-A407-36A11B93E443}.Release|Any CPU.ActiveCfg = Release|Any CPU
		{3CDC8B02-9D01-4A9B-A407-36A11B93E443}.Release|Any CPU.Build.0 = Release|Any CPU
		{DF250469-CA7B-43CA-B15A-5BBA88E38C01}.Debug|Any CPU.ActiveCfg = Debug|Any CPU
		{DF250469-CA7B-43CA-B15A-5BBA88E38C01}.Debug|Any CPU.Build.0 = Debug|Any CPU
		{DF250469-CA7B-43CA-B15A-5BBA88E38C01}.Release|Any CPU.ActiveCfg = Release|Any CPU
		{DF250469-CA7B-43CA-B15A-5BBA88E38C01}.Release|Any CPU.Build.0 = Release|Any CPU
		{77441B12-649E-4648-B56E-609A3675C5C5}.Debug|Any CPU.ActiveCfg = Debug|Any CPU
		{77441B12-649E-4648-B56E-609A3675C5C5}.Debug|Any CPU.Build.0 = Debug|Any CPU
		{77441B12-649E-4648-B56E-609A3675C5C5}.Release|Any CPU.ActiveCfg = Release|Any CPU
		{77441B12-649E-4648-B56E-609A3675C5C5}.Release|Any CPU.Build.0 = Release|Any CPU
		{7E7714B7-B5CE-4D99-8B98-E428F24293BC}.Debug|Any CPU.ActiveCfg = Debug|Any CPU
		{7E7714B7-B5CE-4D99-8B98-E428F24293BC}.Debug|Any CPU.Build.0 = Debug|Any CPU
		{7E7714B7-B5CE-4D99-8B98-E428F24293BC}.Release|Any CPU.ActiveCfg = Release|Any CPU
		{7E7714B7-B5CE-4D99-8B98-E428F24293BC}.Release|Any CPU.Build.0 = Release|Any CPU
		{C3979709-C7EE-45CD-8119-0D93817F3D0F}.Debug|Any CPU.ActiveCfg = Debug|Any CPU
		{C3979709-C7EE-45CD-8119-0D93817F3D0F}.Debug|Any CPU.Build.0 = Debug|Any CPU
		{C3979709-C7EE-45CD-8119-0D93817F3D0F}.Release|Any CPU.ActiveCfg = Release|Any CPU
		{C3979709-C7EE-45CD-8119-0D93817F3D0F}.Release|Any CPU.Build.0 = Release|Any CPU
		{9E16E60D-4B9D-48D2-AD08-06640E256EE3}.Debug|Any CPU.ActiveCfg = Debug|Any CPU
		{9E16E60D-4B9D-48D2-AD08-06640E256EE3}.Debug|Any CPU.Build.0 = Debug|Any CPU
		{9E16E60D-4B9D-48D2-AD08-06640E256EE3}.Release|Any CPU.ActiveCfg = Release|Any CPU
		{9E16E60D-4B9D-48D2-AD08-06640E256EE3}.Release|Any CPU.Build.0 = Release|Any CPU
		{43F3ADF3-71C1-41E1-82FF-04438DB33735}.Debug|Any CPU.ActiveCfg = Debug|Any CPU
		{43F3ADF3-71C1-41E1-82FF-04438DB33735}.Debug|Any CPU.Build.0 = Debug|Any CPU
		{43F3ADF3-71C1-41E1-82FF-04438DB33735}.Release|Any CPU.ActiveCfg = Release|Any CPU
		{43F3ADF3-71C1-41E1-82FF-04438DB33735}.Release|Any CPU.Build.0 = Release|Any CPU
		{5F046B9A-1298-49DA-B2E9-7F17C006DD83}.Debug|Any CPU.ActiveCfg = Debug|Any CPU
		{5F046B9A-1298-49DA-B2E9-7F17C006DD83}.Debug|Any CPU.Build.0 = Debug|Any CPU
		{5F046B9A-1298-49DA-B2E9-7F17C006DD83}.Release|Any CPU.ActiveCfg = Release|Any CPU
		{5F046B9A-1298-49DA-B2E9-7F17C006DD83}.Release|Any CPU.Build.0 = Release|Any CPU
	EndGlobalSection
	GlobalSection(NestedProjects) = preSolution
		{3CDC8B02-9D01-4A9B-A407-36A11B93E443} = {8EC337C6-0FDB-42EA-B21F-42E4F441EAEB}
		{C3882DD1-2EC8-413D-8B26-43105D89293C} = {32E41753-0F8E-4243-B290-D48AE670EFB2}
		{8E4D1063-73FD-4CF5-A18A-B51770265A4C} = {32E41753-0F8E-4243-B290-D48AE670EFB2}
		{F58822AB-98F9-40C5-810B-708E7E207CCB} = {9205D96E-1C92-4723-B965-73FA66600F4A}
		{42BCE0CD-99F0-4492-9370-060DBFD913F7} = {F58822AB-98F9-40C5-810B-708E7E207CCB}
		{9B26082C-62A3-4A37-870A-1CC792C0BC0C} = {F58822AB-98F9-40C5-810B-708E7E207CCB}
		{DF250469-CA7B-43CA-B15A-5BBA88E38C01} = {F58822AB-98F9-40C5-810B-708E7E207CCB}
		{8DE5B33C-ADC7-4FD9-B847-67EAA5F14E75} = {8EC337C6-0FDB-42EA-B21F-42E4F441EAEB}
		{77441B12-649E-4648-B56E-609A3675C5C5} = {8DE5B33C-ADC7-4FD9-B847-67EAA5F14E75}
		{7E7714B7-B5CE-4D99-8B98-E428F24293BC} = {8DE5B33C-ADC7-4FD9-B847-67EAA5F14E75}
		{C3979709-C7EE-45CD-8119-0D93817F3D0F} = {8DE5B33C-ADC7-4FD9-B847-67EAA5F14E75}
		{43F3ADF3-71C1-41E1-82FF-04438DB33735} = {9205D96E-1C92-4723-B965-73FA66600F4A}
	EndGlobalSection
	GlobalSection(SolutionConfigurationPlatforms) = preSolution
		Debug|Any CPU = Debug|Any CPU
		Release|Any CPU = Release|Any CPU
	EndGlobalSection
EndGlobal
